
Microsoft Visual Studio Solution File, Format Version 12.00
# Visual Studio Version 17
VisualStudioVersion = 17.14.36518.9 d17.14
MinimumVisualStudioVersion = 10.0.40219.1
Project("{FAE04EC0-301F-11D3-BF4B-00C04F79EFBC}") = "CustomerRegistrationApp", "CustomerRegistrationApp\CustomerRegistrationApp.csproj", "{DE4116CA-5098-468E-BFFE-3490748CCB5D}"
EndProject
Global
	GlobalSection(SolutionConfigurationPlatforms) = preSolution
		Debug|Any CPU = Debug|Any CPU
		Release|Any CPU = Release|Any CPU
	EndGlobalSection
	GlobalSection(ProjectConfigurationPlatforms) = postSolution
		{DE4116CA-5098-468E-BFFE-3490748CCB5D}.Debug|Any CPU.ActiveCfg = Debug|Any CPU
		{DE4116CA-5098-468E-BFFE-3490748CCB5D}.Debug|Any CPU.Build.0 = Debug|Any CPU
		{DE4116CA-5098-468E-BFFE-3490748CCB5D}.Release|Any CPU.ActiveCfg = Release|Any CPU
		{DE4116CA-5098-468E-BFFE-3490748CCB5D}.Release|Any CPU.Build.0 = Release|Any CPU
	EndGlobalSection
	GlobalSection(SolutionProperties) = preSolution
		HideSolutionNode = FALSE
	EndGlobalSection
	GlobalSection(ExtensibilityGlobals) = postSolution
		SolutionGuid = {F1436B29-8E20-477F-8FC9-4F8EE87D8AD9}
	EndGlobalSection
EndGlobal
